// !$*UTF8*$!
{
	archiveVersion = 1;
	classes = {
	};
	objectVersion = 55;
	objects = {

/* Begin PBXBuildFile section */
		37439A9627CCCC8A00D85856 /* AppDelegate.swift in Sources */ = {isa = PBXBuildFile; fileRef = 37439A9527CCCC8A00D85856 /* AppDelegate.swift */; };
		37439A9827CCCC8A00D85856 /* SceneDelegate.swift in Sources */ = {isa = PBXBuildFile; fileRef = 37439A9727CCCC8A00D85856 /* SceneDelegate.swift */; };
		37439A9A27CCCC8A00D85856 /* LoginViewController.swift in Sources */ = {isa = PBXBuildFile; fileRef = 37439A9927CCCC8A00D85856 /* LoginViewController.swift */; };
		37439A9D27CCCC8A00D85856 /* Main.storyboard in Resources */ = {isa = PBXBuildFile; fileRef = 37439A9B27CCCC8A00D85856 /* Main.storyboard */; };
		37439A9F27CCCC8B00D85856 /* Assets.xcassets in Resources */ = {isa = PBXBuildFile; fileRef = 37439A9E27CCCC8B00D85856 /* Assets.xcassets */; };
		37439AA227CCCC8B00D85856 /* LaunchScreen.storyboard in Resources */ = {isa = PBXBuildFile; fileRef = 37439AA027CCCC8B00D85856 /* LaunchScreen.storyboard */; };
		37439AAA27CCCD2D00D85856 /* GoogleService-Info.plist in Resources */ = {isa = PBXBuildFile; fileRef = 37439AA927CCCD2D00D85856 /* GoogleService-Info.plist */; };
		37439AAC27CCCE9E00D85856 /* AlertManager.swift in Sources */ = {isa = PBXBuildFile; fileRef = 37439AAB27CCCE9E00D85856 /* AlertManager.swift */; };
		86A1F2F3E2C65832819FE37D /* Pods_Firebase_PPS.framework in Frameworks */ = {isa = PBXBuildFile; fileRef = BB180EDB48243BAB67D90581 /* Pods_Firebase_PPS.framework */; };
/* End PBXBuildFile section */

/* Begin PBXFileReference section */
		15F89DC377BAF36BCCD7B331 /* Pods-Firebase-PPS.release.xcconfig */ = {isa = PBXFileReference; includeInIndex = 1; lastKnownFileType = text.xcconfig; name = "Pods-Firebase-PPS.release.xcconfig"; path = "Target Support Files/Pods-Firebase-PPS/Pods-Firebase-PPS.release.xcconfig"; sourceTree = "<group>"; };
		234780474E448EC0C1311B76 /* Pods-Firebase-PPS.debug.xcconfig */ = {isa = PBXFileReference; includeInIndex = 1; lastKnownFileType = text.xcconfig; name = "Pods-Firebase-PPS.debug.xcconfig"; path = "Target Support Files/Pods-Firebase-PPS/Pods-Firebase-PPS.debug.xcconfig"; sourceTree = "<group>"; };
		37439A9227CCCC8A00D85856 /* Firebase-PPS.app */ = {isa = PBXFileReference; explicitFileType = wrapper.application; includeInIndex = 0; path = "Firebase-PPS.app"; sourceTree = BUILT_PRODUCTS_DIR; };
		37439A9527CCCC8A00D85856 /* AppDelegate.swift */ = {isa = PBXFileReference; lastKnownFileType = sourcecode.swift; path = AppDelegate.swift; sourceTree = "<group>"; };
		37439A9727CCCC8A00D85856 /* SceneDelegate.swift */ = {isa = PBXFileReference; lastKnownFileType = sourcecode.swift; path = SceneDelegate.swift; sourceTree = "<group>"; };
		37439A9927CCCC8A00D85856 /* LoginViewController.swift */ = {isa = PBXFileReference; lastKnownFileType = sourcecode.swift; path = LoginViewController.swift; sourceTree = "<group>"; };
		37439A9C27CCCC8A00D85856 /* Base */ = {isa = PBXFileReference; lastKnownFileType = file.storyboard; name = Base; path = Base.lproj/Main.storyboard; sourceTree = "<group>"; };
		37439A9E27CCCC8B00D85856 /* Assets.xcassets */ = {isa = PBXFileReference; lastKnownFileType = folder.assetcatalog; path = Assets.xcassets; sourceTree = "<group>"; };
		37439AA127CCCC8B00D85856 /* Base */ = {isa = PBXFileReference; lastKnownFileType = file.storyboard; name = Base; path = Base.lproj/LaunchScreen.storyboard; sourceTree = "<group>"; };
		37439AA327CCCC8B00D85856 /* Info.plist */ = {isa = PBXFileReference; lastKnownFileType = text.plist.xml; path = Info.plist; sourceTree = "<group>"; };
		37439AA927CCCD2D00D85856 /* GoogleService-Info.plist */ = {isa = PBXFileReference; fileEncoding = 4; lastKnownFileType = text.plist.xml; path = "GoogleService-Info.plist"; sourceTree = "<group>"; };
		37439AAB27CCCE9E00D85856 /* AlertManager.swift */ = {isa = PBXFileReference; lastKnownFileType = sourcecode.swift; path = AlertManager.swift; sourceTree = "<group>"; };
		BB180EDB48243BAB67D90581 /* Pods_Firebase_PPS.framework */ = {isa = PBXFileReference; explicitFileType = wrapper.framework; includeInIndex = 0; path = Pods_Firebase_PPS.framework; sourceTree = BUILT_PRODUCTS_DIR; };
/* End PBXFileReference section */

/* Begin PBXFrameworksBuildPhase section */
		37439A8F27CCCC8A00D85856 /* Frameworks */ = {
			isa = PBXFrameworksBuildPhase;
			buildActionMask = 2147483647;
			files = (
				86A1F2F3E2C65832819FE37D /* Pods_Firebase_PPS.framework in Frameworks */,
			);
			runOnlyForDeploymentPostprocessing = 0;
		};
/* End PBXFrameworksBuildPhase section */

/* Begin PBXGroup section */
		37439A8927CCCC8A00D85856 = {
			isa = PBXGroup;
			children = (
				37439A9427CCCC8A00D85856 /* Firebase-PPS */,
				37439A9327CCCC8A00D85856 /* Products */,
				BD374895A17AEB7E14974A81 /* Pods */,
				DF2C24CC02E0C7B20474B211 /* Frameworks */,
			);
			sourceTree = "<group>";
		};
		37439A9327CCCC8A00D85856 /* Products */ = {
			isa = PBXGroup;
			children = (
				37439A9227CCCC8A00D85856 /* Firebase-PPS.app */,
			);
			name = Products;
			sourceTree = "<group>";
		};
		37439A9427CCCC8A00D85856 /* Firebase-PPS */ = {
			isa = PBXGroup;
			children = (
				37439A9527CCCC8A00D85856 /* AppDelegate.swift */,
				37439A9727CCCC8A00D85856 /* SceneDelegate.swift */,
				37439A9927CCCC8A00D85856 /* LoginViewController.swift */,
				37439AAB27CCCE9E00D85856 /* AlertManager.swift */,
				37439A9B27CCCC8A00D85856 /* Main.storyboard */,
				37439A9E27CCCC8B00D85856 /* Assets.xcassets */,
				37439AA927CCCD2D00D85856 /* GoogleService-Info.plist */,
				37439AA027CCCC8B00D85856 /* LaunchScreen.storyboard */,
				37439AA327CCCC8B00D85856 /* Info.plist */,
			);
			path = "Firebase-PPS";
			sourceTree = "<group>";
		};
		BD374895A17AEB7E14974A81 /* Pods */ = {
			isa = PBXGroup;
			children = (
				234780474E448EC0C1311B76 /* Pods-Firebase-PPS.debug.xcconfig */,
				15F89DC377BAF36BCCD7B331 /* Pods-Firebase-PPS.release.xcconfig */,
			);
			path = Pods;
			sourceTree = "<group>";
		};
		DF2C24CC02E0C7B20474B211 /* Frameworks */ = {
			isa = PBXGroup;
			children = (
				BB180EDB48243BAB67D90581 /* Pods_Firebase_PPS.framework */,
			);
			name = Frameworks;
			sourceTree = "<group>";
		};
/* End PBXGroup section */

/* Begin PBXNativeTarget section */
		37439A9127CCCC8A00D85856 /* Firebase-PPS */ = {
			isa = PBXNativeTarget;
			buildConfigurationList = 37439AA627CCCC8B00D85856 /* Build configuration list for PBXNativeTarget "Firebase-PPS" */;
			buildPhases = (
				D29DF3B78420DDBE13975325 /* [CP] Check Pods Manifest.lock */,
				37439A8E27CCCC8A00D85856 /* Sources */,
				37439A8F27CCCC8A00D85856 /* Frameworks */,
				37439A9027CCCC8A00D85856 /* Resources */,
				D52FC1B35216DD8F7384FB32 /* [CP] Embed Pods Frameworks */,
			);
			buildRules = (
			);
			dependencies = (
			);
			name = "Firebase-PPS";
			productName = "Firebase-PPS";
			productReference = 37439A9227CCCC8A00D85856 /* Firebase-PPS.app */;
			productType = "com.apple.product-type.application";
		};
/* End PBXNativeTarget section */

/* Begin PBXProject section */
		37439A8A27CCCC8A00D85856 /* Project object */ = {
			isa = PBXProject;
			attributes = {
				BuildIndependentTargetsInParallel = 1;
				LastSwiftUpdateCheck = 1320;
				LastUpgradeCheck = 1320;
				TargetAttributes = {
					37439A9127CCCC8A00D85856 = {
						CreatedOnToolsVersion = 13.2.1;
					};
				};
			};
			buildConfigurationList = 37439A8D27CCCC8A00D85856 /* Build configuration list for PBXProject "Firebase-PPS" */;
			compatibilityVersion = "Xcode 13.0";
			developmentRegion = en;
			hasScannedForEncodings = 0;
			knownRegions = (
				en,
				Base,
			);
			mainGroup = 37439A8927CCCC8A00D85856;
			productRefGroup = 37439A9327CCCC8A00D85856 /* Products */;
			projectDirPath = "";
			projectRoot = "";
			targets = (
				37439A9127CCCC8A00D85856 /* Firebase-PPS */,
			);
		};
/* End PBXProject section */

/* Begin PBXResourcesBuildPhase section */
		37439A9027CCCC8A00D85856 /* Resources */ = {
			isa = PBXResourcesBuildPhase;
			buildActionMask = 2147483647;
			files = (
				37439AA227CCCC8B00D85856 /* LaunchScreen.storyboard in Resources */,
				37439AAA27CCCD2D00D85856 /* GoogleService-Info.plist in Resources */,
				37439A9F27CCCC8B00D85856 /* Assets.xcassets in Resources */,
				37439A9D27CCCC8A00D85856 /* Main.storyboard in Resources */,
			);
			runOnlyForDeploymentPostprocessing = 0;
		};
/* End PBXResourcesBuildPhase section */

/* Begin PBXShellScriptBuildPhase section */
		D29DF3B78420DDBE13975325 /* [CP] Check Pods Manifest.lock */ = {
			isa = PBXShellScriptBuildPhase;
			buildActionMask = 2147483647;
			files = (
			);
			inputFileListPaths = (
			);
			inputPaths = (
				"${PODS_PODFILE_DIR_PATH}/Podfile.lock",
				"${PODS_ROOT}/Manifest.lock",
			);
			name = "[CP] Check Pods Manifest.lock";
			outputFileListPaths = (
			);
			outputPaths = (
				"$(DERIVED_FILE_DIR)/Pods-Firebase-PPS-checkManifestLockResult.txt",
			);
			runOnlyForDeploymentPostprocessing = 0;
			shellPath = /bin/sh;
			shellScript = "diff \"${PODS_PODFILE_DIR_PATH}/Podfile.lock\" \"${PODS_ROOT}/Manifest.lock\" > /dev/null\nif [ $? != 0 ] ; then\n    # print error to STDERR\n    echo \"error: The sandbox is not in sync with the Podfile.lock. Run 'pod install' or update your CocoaPods installation.\" >&2\n    exit 1\nfi\n# This output is used by Xcode 'outputs' to avoid re-running this script phase.\necho \"SUCCESS\" > \"${SCRIPT_OUTPUT_FILE_0}\"\n";
			showEnvVarsInLog = 0;
		};
		D52FC1B35216DD8F7384FB32 /* [CP] Embed Pods Frameworks */ = {
			isa = PBXShellScriptBuildPhase;
			buildActionMask = 2147483647;
			files = (
			);
			inputFileListPaths = (
				"${PODS_ROOT}/Target Support Files/Pods-Firebase-PPS/Pods-Firebase-PPS-frameworks-${CONFIGURATION}-input-files.xcfilelist",
			);
			name = "[CP] Embed Pods Frameworks";
			outputFileListPaths = (
				"${PODS_ROOT}/Target Support Files/Pods-Firebase-PPS/Pods-Firebase-PPS-frameworks-${CONFIGURATION}-output-files.xcfilelist",
			);
			runOnlyForDeploymentPostprocessing = 0;
			shellPath = /bin/sh;
			shellScript = "\"${PODS_ROOT}/Target Support Files/Pods-Firebase-PPS/Pods-Firebase-PPS-frameworks.sh\"\n";
			showEnvVarsInLog = 0;
		};
/* End PBXShellScriptBuildPhase section */

/* Begin PBXSourcesBuildPhase section */
		37439A8E27CCCC8A00D85856 /* Sources */ = {
			isa = PBXSourcesBuildPhase;
			buildActionMask = 2147483647;
			files = (
				37439AAC27CCCE9E00D85856 /* AlertManager.swift in Sources */,
				37439A9A27CCCC8A00D85856 /* LoginViewController.swift in Sources */,
				37439A9627CCCC8A00D85856 /* AppDelegate.swift in Sources */,
				37439A9827CCCC8A00D85856 /* SceneDelegate.swift in Sources */,
			);
			runOnlyForDeploymentPostprocessing = 0;
		};
/* End PBXSourcesBuildPhase section */

/* Begin PBXVariantGroup section */
		37439A9B27CCCC8A00D85856 /* Main.storyboard */ = {
			isa = PBXVariantGroup;
			children = (
				37439A9C27CCCC8A00D85856 /* Base */,
			);
			name = Main.storyboard;
			sourceTree = "<group>";
		};
		37439AA027CCCC8B00D85856 /* LaunchScreen.storyboard */ = {
			isa = PBXVariantGroup;
			children = (
				37439AA127CCCC8B00D85856 /* Base */,
			);
			name = LaunchScreen.storyboard;
			sourceTree = "<group>";
		};
/* End PBXVariantGroup section */

/* Begin XCBuildConfiguration section */
		37439AA427CCCC8B00D85856 /* Debug */ = {
			isa = XCBuildConfiguration;
			buildSettings = {
				ALWAYS_SEARCH_USER_PATHS = NO;
				CLANG_ANALYZER_NONNULL = YES;
				CLANG_ANALYZER_NUMBER_OBJECT_CONVERSION = YES_AGGRESSIVE;
				CLANG_CXX_LANGUAGE_STANDARD = "gnu++17";
				CLANG_CXX_LIBRARY = "libc++";
				CLANG_ENABLE_MODULES = YES;
				CLANG_ENABLE_OBJC_ARC = YES;
				CLANG_ENABLE_OBJC_WEAK = YES;
				CLANG_WARN_BLOCK_CAPTURE_AUTORELEASING = YES;
				CLANG_WARN_BOOL_CONVERSION = YES;
				CLANG_WARN_COMMA = YES;
				CLANG_WARN_CONSTANT_CONVERSION = YES;
				CLANG_WARN_DEPRECATED_OBJC_IMPLEMENTATIONS = YES;
				CLANG_WARN_DIRECT_OBJC_ISA_USAGE = YES_ERROR;
				CLANG_WARN_DOCUMENTATION_COMMENTS = YES;
				CLANG_WARN_EMPTY_BODY = YES;
				CLANG_WARN_ENUM_CONVERSION = YES;
				CLANG_WARN_INFINITE_RECURSION = YES;
				CLANG_WARN_INT_CONVERSION = YES;
				CLANG_WARN_NON_LITERAL_NULL_CONVERSION = YES;
				CLANG_WARN_OBJC_IMPLICIT_RETAIN_SELF = YES;
				CLANG_WARN_OBJC_LITERAL_CONVERSION = YES;
				CLANG_WARN_OBJC_ROOT_CLASS = YES_ERROR;
				CLANG_WARN_QUOTED_INCLUDE_IN_FRAMEWORK_HEADER = YES;
				CLANG_WARN_RANGE_LOOP_ANALYSIS = YES;
				CLANG_WARN_STRICT_PROTOTYPES = YES;
				CLANG_WARN_SUSPICIOUS_MOVE = YES;
				CLANG_WARN_UNGUARDED_AVAILABILITY = YES_AGGRESSIVE;
				CLANG_WARN_UNREACHABLE_CODE = YES;
				CLANG_WARN__DUPLICATE_METHOD_MATCH = YES;
				COPY_PHASE_STRIP = NO;
				DEBUG_INFORMATION_FORMAT = dwarf;
				ENABLE_STRICT_OBJC_MSGSEND = YES;
				ENABLE_TESTABILITY = YES;
				GCC_C_LANGUAGE_STANDARD = gnu11;
				GCC_DYNAMIC_NO_PIC = NO;
				GCC_NO_COMMON_BLOCKS = YES;
				GCC_OPTIMIZATION_LEVEL = 0;
				GCC_PREPROCESSOR_DEFINITIONS = (
					"DEBUG=1",
					"$(inherited)",
				);
				GCC_WARN_64_TO_32_BIT_CONVERSION = YES;
				GCC_WARN_ABOUT_RETURN_TYPE = YES_ERROR;
				GCC_WARN_UNDECLARED_SELECTOR = YES;
				GCC_WARN_UNINITIALIZED_AUTOS = YES_AGGRESSIVE;
				GCC_WARN_UNUSED_FUNCTION = YES;
				GCC_WARN_UNUSED_VARIABLE = YES;
				IPHONEOS_DEPLOYMENT_TARGET = 15.2;
				MTL_ENABLE_DEBUG_INFO = INCLUDE_SOURCE;
				MTL_FAST_MATH = YES;
				ONLY_ACTIVE_ARCH = YES;
				SDKROOT = iphoneos;
				SWIFT_ACTIVE_COMPILATION_CONDITIONS = DEBUG;
				SWIFT_OPTIMIZATION_LEVEL = "-Onone";
			};
			name = Debug;
		};
		37439AA527CCCC8B00D85856 /* Release */ = {
			isa = XCBuildConfiguration;
			buildSettings = {
				ALWAYS_SEARCH_USER_PATHS = NO;
				CLANG_ANALYZER_NONNULL = YES;
				CLANG_ANALYZER_NUMBER_OBJECT_CONVERSION = YES_AGGRESSIVE;
				CLANG_CXX_LANGUAGE_STANDARD = "gnu++17";
				CLANG_CXX_LIBRARY = "libc++";
				CLANG_ENABLE_MODULES = YES;
				CLANG_ENABLE_OBJC_ARC = YES;
				CLANG_ENABLE_OBJC_WEAK = YES;
				CLANG_WARN_BLOCK_CAPTURE_AUTORELEASING = YES;
				CLANG_WARN_BOOL_CONVERSION = YES;
				CLANG_WARN_COMMA = YES;
				CLANG_WARN_CONSTANT_CONVERSION = YES;
				CLANG_WARN_DEPRECATED_OBJC_IMPLEMENTATIONS = YES;
				CLANG_WARN_DIRECT_OBJC_ISA_USAGE = YES_ERROR;
				CLANG_WARN_DOCUMENTATION_COMMENTS = YES;
				CLANG_WARN_EMPTY_BODY = YES;
				CLANG_WARN_ENUM_CONVERSION = YES;
				CLANG_WARN_INFINITE_RECURSION = YES;
				CLANG_WARN_INT_CONVERSION = YES;
				CLANG_WARN_NON_LITERAL_NULL_CONVERSION = YES;
				CLANG_WARN_OBJC_IMPLICIT_RETAIN_SELF = YES;
				CLANG_WARN_OBJC_LITERAL_CONVERSION = YES;
				CLANG_WARN_OBJC_ROOT_CLASS = YES_ERROR;
				CLANG_WARN_QUOTED_INCLUDE_IN_FRAMEWORK_HEADER = YES;
				CLANG_WARN_RANGE_LOOP_ANALYSIS = YES;
				CLANG_WARN_STRICT_PROTOTYPES = YES;
				CLANG_WARN_SUSPICIOUS_MOVE = YES;
				CLANG_WARN_UNGUARDED_AVAILABILITY = YES_AGGRESSIVE;
				CLANG_WARN_UNREACHABLE_CODE = YES;
				CLANG_WARN__DUPLICATE_METHOD_MATCH = YES;
				COPY_PHASE_STRIP = NO;
				DEBUG_INFORMATION_FORMAT = "dwarf-with-dsym";
				ENABLE_NS_ASSERTIONS = NO;
				ENABLE_STRICT_OBJC_MSGSEND = YES;
				GCC_C_LANGUAGE_STANDARD = gnu11;
				GCC_NO_COMMON_BLOCKS = YES;
				GCC_WARN_64_TO_32_BIT_CONVERSION = YES;
				GCC_WARN_ABOUT_RETURN_TYPE = YES_ERROR;
				GCC_WARN_UNDECLARED_SELECTOR = YES;
				GCC_WARN_UNINITIALIZED_AUTOS = YES_AGGRESSIVE;
				GCC_WARN_UNUSED_FUNCTION = YES;
				GCC_WARN_UNUSED_VARIABLE = YES;
				IPHONEOS_DEPLOYMENT_TARGET = 15.2;
				MTL_ENABLE_DEBUG_INFO = NO;
				MTL_FAST_MATH = YES;
				SDKROOT = iphoneos;
				SWIFT_COMPILATION_MODE = wholemodule;
				SWIFT_OPTIMIZATION_LEVEL = "-O";
				VALIDATE_PRODUCT = YES;
			};
			name = Release;
		};
		37439AA727CCCC8B00D85856 /* Debug */ = {
			isa = XCBuildConfiguration;
			baseConfigurationReference = 234780474E448EC0C1311B76 /* Pods-Firebase-PPS.debug.xcconfig */;
			buildSettings = {
				ASSETCATALOG_COMPILER_APPICON_NAME = AppIcon;
				ASSETCATALOG_COMPILER_GLOBAL_ACCENT_COLOR_NAME = AccentColor;
				CODE_SIGN_STYLE = Automatic;
				CURRENT_PROJECT_VERSION = 1;
				DEVELOPMENT_TEAM = TYF3JXGVJQ;
				GENERATE_INFOPLIST_FILE = YES;
				INFOPLIST_FILE = "Firebase-PPS/Info.plist";
				INFOPLIST_KEY_UIApplicationSupportsIndirectInputEvents = YES;
				INFOPLIST_KEY_UILaunchStoryboardName = LaunchScreen;
				INFOPLIST_KEY_UIMainStoryboardFile = Main;
				INFOPLIST_KEY_UISupportedInterfaceOrientations_iPad = "UIInterfaceOrientationPortrait UIInterfaceOrientationPortraitUpsideDown UIInterfaceOrientationLandscapeLeft UIInterfaceOrientationLandscapeRight";
				INFOPLIST_KEY_UISupportedInterfaceOrientations_iPhone = "UIInterfaceOrientationPortrait UIInterfaceOrientationLandscapeLeft UIInterfaceOrientationLandscapeRight";
				LD_RUNPATH_SEARCH_PATHS = (
					"$(inherited)",
					"@executable_path/Frameworks",
				);
				MARKETING_VERSION = 1.0;
				PRODUCT_BUNDLE_IDENTIFIER = "com.sarathpariyarath.Firebase-PPS";
				PRODUCT_NAME = "$(TARGET_NAME)";
				SWIFT_EMIT_LOC_STRINGS = YES;
				SWIFT_VERSION = 5.0;
				TARGETED_DEVICE_FAMILY = "1,2";
			};
			name = Debug;
		};
		37439AA827CCCC8B00D85856 /* Release */ = {
			isa = XCBuildConfiguration;
			baseConfigurationReference = 15F89DC377BAF36BCCD7B331 /* Pods-Firebase-PPS.release.xcconfig */;
			buildSettings = {
				ASSETCATALOG_COMPILER_APPICON_NAME = AppIcon;
				ASSETCATALOG_COMPILER_GLOBAL_ACCENT_COLOR_NAME = AccentColor;
				CODE_SIGN_STYLE = Automatic;
				CURRENT_PROJECT_VERSION = 1;
				DEVELOPMENT_TEAM = TYF3JXGVJQ;
				GENERATE_INFOPLIST_FILE = YES;
				INFOPLIST_FILE = "Firebase-PPS/Info.plist";
				INFOPLIST_KEY_UIApplicationSupportsIndirectInputEvents = YES;
				INFOPLIST_KEY_UILaunchStoryboardName = LaunchScreen;
				INFOPLIST_KEY_UIMainStoryboardFile = Main;
				INFOPLIST_KEY_UISupportedInterfaceOrientations_iPad = "UIInterfaceOrientationPortrait UIInterfaceOrientationPortraitUpsideDown UIInterfaceOrientationLandscapeLeft UIInterfaceOrientationLandscapeRight";
				INFOPLIST_KEY_UISupportedInterfaceOrientations_iPhone = "UIInterfaceOrientationPortrait UIInterfaceOrientationLandscapeLeft UIInterfaceOrientationLandscapeRight";
				LD_RUNPATH_SEARCH_PATHS = (
					"$(inherited)",
					"@executable_path/Frameworks",
				);
				MARKETING_VERSION = 1.0;
				PRODUCT_BUNDLE_IDENTIFIER = "com.sarathpariyarath.Firebase-PPS";
				PRODUCT_NAME = "$(TARGET_NAME)";
				SWIFT_EMIT_LOC_STRINGS = YES;
				SWIFT_VERSION = 5.0;
				TARGETED_DEVICE_FAMILY = "1,2";
			};
			name = Release;
		};
/* End XCBuildConfiguration section */

/* Begin XCConfigurationList section */
		37439A8D27CCCC8A00D85856 /* Build configuration list for PBXProject "Firebase-PPS" */ = {
			isa = XCConfigurationList;
			buildConfigurations = (
				37439AA427CCCC8B00D85856 /* Debug */,
				37439AA527CCCC8B00D85856 /* Release */,
			);
			defaultConfigurationIsVisible = 0;
			defaultConfigurationName = Release;
		};
		37439AA627CCCC8B00D85856 /* Build configuration list for PBXNativeTarget "Firebase-PPS" */ = {
			isa = XCConfigurationList;
			buildConfigurations = (
				37439AA727CCCC8B00D85856 /* Debug */,
				37439AA827CCCC8B00D85856 /* Release */,
			);
			defaultConfigurationIsVisible = 0;
			defaultConfigurationName = Release;
		};
/* End XCConfigurationList section */
	};
	rootObject = 37439A8A27CCCC8A00D85856 /* Project object */;
}
